// !$*UTF8*$!
{
	archiveVersion = 1;
	classes = {
	};
	objectVersion = 46;
	objects = {

/* Begin PBXBuildFile section */
		59AB09E1159103920010365B /* MediaKeyApp.m in Sources */ = {isa = PBXBuildFile; fileRef = 59FAC291159100D2007B0F87 /* MediaKeyApp.m */; };
		59AB09E2159103AD0010365B /* NSObject+SPInvocationGrabbing.m in Sources */ = {isa = PBXBuildFile; fileRef = 59CB4DF115910259009B3C40 /* NSObject+SPInvocationGrabbing.m */; settings = {COMPILER_FLAGS = "-fno-objc-arc"; }; };
		59AB09E3159103AD0010365B /* SPMediaKeyTap.m in Sources */ = {isa = PBXBuildFile; fileRef = 59CB4DF315910259009B3C40 /* SPMediaKeyTap.m */; settings = {COMPILER_FLAGS = "-fno-objc-arc"; }; };
		59AB09E4159103DA0010365B /* AppDelegate.m in Sources */ = {isa = PBXBuildFile; fileRef = 59FAC28D159100D2007B0F87 /* AppDelegate.m */; };
		59AB09E5159103E70010365B /* MainWindowController.m in Sources */ = {isa = PBXBuildFile; fileRef = 59FAC28F159100D2007B0F87 /* MainWindowController.m */; };
		59AB09EF15910EC00010365B /* deezer-logo.png in Resources */ = {isa = PBXBuildFile; fileRef = 59AB09EE15910EC00010365B /* deezer-logo.png */; };
		59AB09F3159111D40010365B /* Quartz.framework in Frameworks */ = {isa = PBXBuildFile; fileRef = 59AB09F1159111D40010365B /* Quartz.framework */; };
		59AB09F4159111D40010365B /* QuartzCore.framework in Frameworks */ = {isa = PBXBuildFile; fileRef = 59AB09F2159111D40010365B /* QuartzCore.framework */; };
		59FAC26C15910053007B0F87 /* Cocoa.framework in Frameworks */ = {isa = PBXBuildFile; fileRef = 59FAC26B15910053007B0F87 /* Cocoa.framework */; };
		59FAC27615910053007B0F87 /* InfoPlist.strings in Resources */ = {isa = PBXBuildFile; fileRef = 59FAC27415910053007B0F87 /* InfoPlist.strings */; };
		59FAC27815910053007B0F87 /* main.m in Sources */ = {isa = PBXBuildFile; fileRef = 59FAC27715910053007B0F87 /* main.m */; };
		59FAC28B1591009B007B0F87 /* icon.icns in Resources */ = {isa = PBXBuildFile; fileRef = 59FAC28A1591009B007B0F87 /* icon.icns */; };
		59FAC294159100F2007B0F87 /* MainMenu.xib in Resources */ = {isa = PBXBuildFile; fileRef = 59FAC293159100F2007B0F87 /* MainMenu.xib */; };
		59FAC29A15910132007B0F87 /* WebKit.framework in Frameworks */ = {isa = PBXBuildFile; fileRef = 59FAC29915910132007B0F87 /* WebKit.framework */; };
		59FAC29C15910138007B0F87 /* Carbon.framework in Frameworks */ = {isa = PBXBuildFile; fileRef = 59FAC29B15910138007B0F87 /* Carbon.framework */; };
/* End PBXBuildFile section */

/* Begin PBXFileReference section */
		59AB09EE15910EC00010365B /* deezer-logo.png */ = {isa = PBXFileReference; lastKnownFileType = image.png; path = "deezer-logo.png"; sourceTree = "<group>"; };
		59AB09F1159111D40010365B /* Quartz.framework */ = {isa = PBXFileReference; lastKnownFileType = wrapper.framework; name = Quartz.framework; path = System/Library/Frameworks/Quartz.framework; sourceTree = SDKROOT; };
		59AB09F2159111D40010365B /* QuartzCore.framework */ = {isa = PBXFileReference; lastKnownFileType = wrapper.framework; name = QuartzCore.framework; path = System/Library/Frameworks/QuartzCore.framework; sourceTree = SDKROOT; };
		59CB4DF015910259009B3C40 /* NSObject+SPInvocationGrabbing.h */ = {isa = PBXFileReference; lastKnownFileType = sourcecode.c.h; path = "NSObject+SPInvocationGrabbing.h"; sourceTree = "<group>"; };
		59CB4DF115910259009B3C40 /* NSObject+SPInvocationGrabbing.m */ = {isa = PBXFileReference; lastKnownFileType = sourcecode.c.objc; path = "NSObject+SPInvocationGrabbing.m"; sourceTree = "<group>"; };
		59CB4DF215910259009B3C40 /* SPMediaKeyTap.h */ = {isa = PBXFileReference; lastKnownFileType = sourcecode.c.h; path = SPMediaKeyTap.h; sourceTree = "<group>"; };
		59CB4DF315910259009B3C40 /* SPMediaKeyTap.m */ = {isa = PBXFileReference; lastKnownFileType = sourcecode.c.objc; path = SPMediaKeyTap.m; sourceTree = "<group>"; };
		59FAC26715910053007B0F87 /* DeezerPlayer.app */ = {isa = PBXFileReference; explicitFileType = wrapper.application; includeInIndex = 0; path = DeezerPlayer.app; sourceTree = BUILT_PRODUCTS_DIR; };
		59FAC26B15910053007B0F87 /* Cocoa.framework */ = {isa = PBXFileReference; lastKnownFileType = wrapper.framework; name = Cocoa.framework; path = System/Library/Frameworks/Cocoa.framework; sourceTree = SDKROOT; };
		59FAC26E15910053007B0F87 /* AppKit.framework */ = {isa = PBXFileReference; lastKnownFileType = wrapper.framework; name = AppKit.framework; path = System/Library/Frameworks/AppKit.framework; sourceTree = SDKROOT; };
		59FAC26F15910053007B0F87 /* CoreData.framework */ = {isa = PBXFileReference; lastKnownFileType = wrapper.framework; name = CoreData.framework; path = System/Library/Frameworks/CoreData.framework; sourceTree = SDKROOT; };
		59FAC27015910053007B0F87 /* Foundation.framework */ = {isa = PBXFileReference; lastKnownFileType = wrapper.framework; name = Foundation.framework; path = System/Library/Frameworks/Foundation.framework; sourceTree = SDKROOT; };
		59FAC27315910053007B0F87 /* DeezerPlayer-Info.plist */ = {isa = PBXFileReference; lastKnownFileType = text.plist.xml; path = "DeezerPlayer-Info.plist"; sourceTree = "<group>"; };
		59FAC27515910053007B0F87 /* en */ = {isa = PBXFileReference; lastKnownFileType = text.plist.strings; name = en; path = en.lproj/InfoPlist.strings; sourceTree = "<group>"; };
		59FAC27715910053007B0F87 /* main.m */ = {isa = PBXFileReference; lastKnownFileType = sourcecode.c.objc; path = main.m; sourceTree = "<group>"; };
		59FAC27915910053007B0F87 /* DeezerPlayer-Prefix.pch */ = {isa = PBXFileReference; lastKnownFileType = sourcecode.c.h; path = "DeezerPlayer-Prefix.pch"; sourceTree = "<group>"; };
		59FAC28A1591009B007B0F87 /* icon.icns */ = {isa = PBXFileReference; lastKnownFileType = image.icns; name = icon.icns; path = ../icon.icns; sourceTree = "<group>"; };
		59FAC28C159100D1007B0F87 /* AppDelegate.h */ = {isa = PBXFileReference; lastKnownFileType = sourcecode.c.h; path = AppDelegate.h; sourceTree = "<group>"; };
		59FAC28D159100D2007B0F87 /* AppDelegate.m */ = {isa = PBXFileReference; lastKnownFileType = sourcecode.c.objc; path = AppDelegate.m; sourceTree = "<group>"; };
		59FAC28E159100D2007B0F87 /* MainWindowController.h */ = {isa = PBXFileReference; lastKnownFileType = sourcecode.c.h; path = MainWindowController.h; sourceTree = "<group>"; };
		59FAC28F159100D2007B0F87 /* MainWindowController.m */ = {isa = PBXFileReference; lastKnownFileType = sourcecode.c.objc; path = MainWindowController.m; sourceTree = "<group>"; };
		59FAC290159100D2007B0F87 /* MediaKeyApp.h */ = {isa = PBXFileReference; lastKnownFileType = sourcecode.c.h; path = MediaKeyApp.h; sourceTree = "<group>"; };
		59FAC291159100D2007B0F87 /* MediaKeyApp.m */ = {isa = PBXFileReference; lastKnownFileType = sourcecode.c.objc; path = MediaKeyApp.m; sourceTree = "<group>"; };
		59FAC293159100F2007B0F87 /* MainMenu.xib */ = {isa = PBXFileReference; fileEncoding = 4; lastKnownFileType = file.xib; path = MainMenu.xib; sourceTree = "<group>"; };
		59FAC29915910132007B0F87 /* WebKit.framework */ = {isa = PBXFileReference; lastKnownFileType = wrapper.framework; name = WebKit.framework; path = System/Library/Frameworks/WebKit.framework; sourceTree = SDKROOT; };
		59FAC29B15910138007B0F87 /* Carbon.framework */ = {isa = PBXFileReference; lastKnownFileType = wrapper.framework; name = Carbon.framework; path = System/Library/Frameworks/Carbon.framework; sourceTree = SDKROOT; };
/* End PBXFileReference section */

/* Begin PBXFrameworksBuildPhase section */
		59FAC26415910053007B0F87 /* Frameworks */ = {
			isa = PBXFrameworksBuildPhase;
			buildActionMask = 2147483647;
			files = (
				59FAC29C15910138007B0F87 /* Carbon.framework in Frameworks */,
				59FAC26C15910053007B0F87 /* Cocoa.framework in Frameworks */,
				59AB09F3159111D40010365B /* Quartz.framework in Frameworks */,
				59AB09F4159111D40010365B /* QuartzCore.framework in Frameworks */,
				59FAC29A15910132007B0F87 /* WebKit.framework in Frameworks */,
			);
			runOnlyForDeploymentPostprocessing = 0;
		};
/* End PBXFrameworksBuildPhase section */

/* Begin PBXGroup section */
		59CB4DEF15910259009B3C40 /* SPInvocationGrabbing */ = {
			isa = PBXGroup;
			children = (
				59CB4DF015910259009B3C40 /* NSObject+SPInvocationGrabbing.h */,
				59CB4DF115910259009B3C40 /* NSObject+SPInvocationGrabbing.m */,
			);
			path = SPInvocationGrabbing;
			sourceTree = "<group>";
		};
		59FAC25C15910052007B0F87 = {
			isa = PBXGroup;
			children = (
				59FAC27115910053007B0F87 /* DeezerPlayer */,
				59FAC26A15910053007B0F87 /* Frameworks */,
				59FAC26815910053007B0F87 /* Products */,
			);
			sourceTree = "<group>";
		};
		59FAC26815910053007B0F87 /* Products */ = {
			isa = PBXGroup;
			children = (
				59FAC26715910053007B0F87 /* DeezerPlayer.app */,
			);
			name = Products;
			sourceTree = "<group>";
		};
		59FAC26A15910053007B0F87 /* Frameworks */ = {
			isa = PBXGroup;
			children = (
				59FAC29B15910138007B0F87 /* Carbon.framework */,
				59FAC26B15910053007B0F87 /* Cocoa.framework */,
				59AB09F1159111D40010365B /* Quartz.framework */,
				59AB09F2159111D40010365B /* QuartzCore.framework */,
				59FAC29915910132007B0F87 /* WebKit.framework */,
				59FAC26D15910053007B0F87 /* Other Frameworks */,
			);
			name = Frameworks;
			sourceTree = "<group>";
		};
		59FAC26D15910053007B0F87 /* Other Frameworks */ = {
			isa = PBXGroup;
			children = (
				59FAC26E15910053007B0F87 /* AppKit.framework */,
				59FAC26F15910053007B0F87 /* CoreData.framework */,
				59FAC27015910053007B0F87 /* Foundation.framework */,
			);
			name = "Other Frameworks";
			sourceTree = "<group>";
		};
		59FAC27115910053007B0F87 /* DeezerPlayer */ = {
			isa = PBXGroup;
			children = (
				59FAC2981591011B007B0F87 /* Application */,
				59FAC29715910111007B0F87 /* Controller */,
				59FAC29615910107007B0F87 /* Delegate */,
				59FAC27215910053007B0F87 /* Supporting Files */,
				59FAC295159100FD007B0F87 /* View */,
			);
			path = DeezerPlayer;
			sourceTree = "<group>";
		};
		59FAC27215910053007B0F87 /* Supporting Files */ = {
			isa = PBXGroup;
			children = (
				59AB09EE15910EC00010365B /* deezer-logo.png */,
				59FAC292159100E6007B0F87 /* SPMediaKeyTap */,
				59FAC28A1591009B007B0F87 /* icon.icns */,
				59FAC27315910053007B0F87 /* DeezerPlayer-Info.plist */,
				59FAC27415910053007B0F87 /* InfoPlist.strings */,
				59FAC27715910053007B0F87 /* main.m */,
				59FAC27915910053007B0F87 /* DeezerPlayer-Prefix.pch */,
			);
			name = "Supporting Files";
			sourceTree = "<group>";
		};
		59FAC292159100E6007B0F87 /* SPMediaKeyTap */ = {
			isa = PBXGroup;
			children = (
				59CB4DEF15910259009B3C40 /* SPInvocationGrabbing */,
				59CB4DF215910259009B3C40 /* SPMediaKeyTap.h */,
				59CB4DF315910259009B3C40 /* SPMediaKeyTap.m */,
			);
			path = SPMediaKeyTap;
			sourceTree = "<group>";
		};
		59FAC295159100FD007B0F87 /* View */ = {
			isa = PBXGroup;
			children = (
				59FAC293159100F2007B0F87 /* MainMenu.xib */,
			);
			name = View;
			sourceTree = "<group>";
		};
		59FAC29615910107007B0F87 /* Delegate */ = {
			isa = PBXGroup;
			children = (
				59FAC28C159100D1007B0F87 /* AppDelegate.h */,
				59FAC28D159100D2007B0F87 /* AppDelegate.m */,
			);
			name = Delegate;
			sourceTree = "<group>";
		};
		59FAC29715910111007B0F87 /* Controller */ = {
			isa = PBXGroup;
			children = (
				59FAC28E159100D2007B0F87 /* MainWindowController.h */,
				59FAC28F159100D2007B0F87 /* MainWindowController.m */,
			);
			name = Controller;
			sourceTree = "<group>";
		};
		59FAC2981591011B007B0F87 /* Application */ = {
			isa = PBXGroup;
			children = (
				59FAC290159100D2007B0F87 /* MediaKeyApp.h */,
				59FAC291159100D2007B0F87 /* MediaKeyApp.m */,
			);
			name = Application;
			sourceTree = "<group>";
		};
/* End PBXGroup section */

/* Begin PBXNativeTarget section */
		59FAC26615910053007B0F87 /* DeezerPlayer */ = {
			isa = PBXNativeTarget;
			buildConfigurationList = 59FAC28515910053007B0F87 /* Build configuration list for PBXNativeTarget "DeezerPlayer" */;
			buildPhases = (
				59FAC26315910053007B0F87 /* Sources */,
				59FAC26415910053007B0F87 /* Frameworks */,
				59FAC26515910053007B0F87 /* Resources */,
			);
			buildRules = (
			);
			dependencies = (
			);
			name = DeezerPlayer;
			productName = DeezerPlayer;
			productReference = 59FAC26715910053007B0F87 /* DeezerPlayer.app */;
			productType = "com.apple.product-type.application";
		};
/* End PBXNativeTarget section */

/* Begin PBXProject section */
		59FAC25E15910052007B0F87 /* Project object */ = {
			isa = PBXProject;
			attributes = {
				LastUpgradeCheck = 0430;
				ORGANIZATIONNAME = Rebased;
			};
			buildConfigurationList = 59FAC26115910052007B0F87 /* Build configuration list for PBXProject "DeezerPlayer" */;
			compatibilityVersion = "Xcode 3.2";
			developmentRegion = English;
			hasScannedForEncodings = 0;
			knownRegions = (
				en,
			);
			mainGroup = 59FAC25C15910052007B0F87;
			productRefGroup = 59FAC26815910053007B0F87 /* Products */;
			projectDirPath = "";
			projectRoot = "";
			targets = (
				59FAC26615910053007B0F87 /* DeezerPlayer */,
			);
		};
/* End PBXProject section */

/* Begin PBXResourcesBuildPhase section */
		59FAC26515910053007B0F87 /* Resources */ = {
			isa = PBXResourcesBuildPhase;
			buildActionMask = 2147483647;
			files = (
				59FAC27615910053007B0F87 /* InfoPlist.strings in Resources */,
				59FAC28B1591009B007B0F87 /* icon.icns in Resources */,
				59FAC294159100F2007B0F87 /* MainMenu.xib in Resources */,
				59AB09EF15910EC00010365B /* deezer-logo.png in Resources */,
			);
			runOnlyForDeploymentPostprocessing = 0;
		};
/* End PBXResourcesBuildPhase section */

/* Begin PBXSourcesBuildPhase section */
		59FAC26315910053007B0F87 /* Sources */ = {
			isa = PBXSourcesBuildPhase;
			buildActionMask = 2147483647;
			files = (
				59FAC27815910053007B0F87 /* main.m in Sources */,
				59AB09E4159103DA0010365B /* AppDelegate.m in Sources */,
				59AB09E5159103E70010365B /* MainWindowController.m in Sources */,
				59AB09E1159103920010365B /* MediaKeyApp.m in Sources */,
				59AB09E2159103AD0010365B /* NSObject+SPInvocationGrabbing.m in Sources */,
				59AB09E3159103AD0010365B /* SPMediaKeyTap.m in Sources */,
			);
			runOnlyForDeploymentPostprocessing = 0;
		};
/* End PBXSourcesBuildPhase section */

/* Begin PBXVariantGroup section */
		59FAC27415910053007B0F87 /* InfoPlist.strings */ = {
			isa = PBXVariantGroup;
			children = (
				59FAC27515910053007B0F87 /* en */,
			);
			name = InfoPlist.strings;
			sourceTree = "<group>";
		};
/* End PBXVariantGroup section */

/* Begin XCBuildConfiguration section */
		59FAC28315910053007B0F87 /* Debug */ = {
			isa = XCBuildConfiguration;
			buildSettings = {
				ALWAYS_SEARCH_USER_PATHS = NO;
				ARCHS = "$(ARCHS_STANDARD_64_BIT)";
				CLANG_ENABLE_OBJC_ARC = YES;
				COPY_PHASE_STRIP = NO;
				GCC_C_LANGUAGE_STANDARD = gnu99;
				GCC_DYNAMIC_NO_PIC = NO;
				GCC_ENABLE_OBJC_EXCEPTIONS = YES;
				GCC_OPTIMIZATION_LEVEL = 0;
				GCC_PREPROCESSOR_DEFINITIONS = (
					"DEBUG=1",
					"$(inherited)",
				);
				GCC_SYMBOLS_PRIVATE_EXTERN = NO;
				GCC_VERSION = com.apple.compilers.llvm.clang.1_0;
				GCC_WARN_64_TO_32_BIT_CONVERSION = YES;
				GCC_WARN_ABOUT_RETURN_TYPE = YES;
				GCC_WARN_UNINITIALIZED_AUTOS = YES;
				GCC_WARN_UNUSED_VARIABLE = YES;
				MACOSX_DEPLOYMENT_TARGET = 10.7;
				ONLY_ACTIVE_ARCH = YES;
				SDKROOT = macosx;
			};
			name = Debug;
		};
		59FAC28415910053007B0F87 /* Release */ = {
			isa = XCBuildConfiguration;
			buildSettings = {
				ALWAYS_SEARCH_USER_PATHS = NO;
				ARCHS = "$(ARCHS_STANDARD_64_BIT)";
				CLANG_ENABLE_OBJC_ARC = YES;
				COPY_PHASE_STRIP = YES;
				DEBUG_INFORMATION_FORMAT = "dwarf-with-dsym";
				GCC_C_LANGUAGE_STANDARD = gnu99;
				GCC_ENABLE_OBJC_EXCEPTIONS = YES;
				GCC_VERSION = com.apple.compilers.llvm.clang.1_0;
				GCC_WARN_64_TO_32_BIT_CONVERSION = YES;
				GCC_WARN_ABOUT_RETURN_TYPE = YES;
				GCC_WARN_UNINITIALIZED_AUTOS = YES;
				GCC_WARN_UNUSED_VARIABLE = YES;
				MACOSX_DEPLOYMENT_TARGET = 10.7;
				SDKROOT = macosx;
			};
			name = Release;
		};
		59FAC28615910053007B0F87 /* Debug */ = {
			isa = XCBuildConfiguration;
			buildSettings = {
				GCC_PRECOMPILE_PREFIX_HEADER = YES;
				GCC_PREFIX_HEADER = "DeezerPlayer/DeezerPlayer-Prefix.pch";
				INFOPLIST_FILE = "DeezerPlayer/DeezerPlayer-Info.plist";
				PRODUCT_NAME = "$(TARGET_NAME)";
				WRAPPER_EXTENSION = app;
			};
			name = Debug;
		};
		59FAC28715910053007B0F87 /* Release */ = {
			isa = XCBuildConfiguration;
			buildSettings = {
				GCC_PRECOMPILE_PREFIX_HEADER = YES;
				GCC_PREFIX_HEADER = "DeezerPlayer/DeezerPlayer-Prefix.pch";
				INFOPLIST_FILE = "DeezerPlayer/DeezerPlayer-Info.plist";
				PRODUCT_NAME = "$(TARGET_NAME)";
				WRAPPER_EXTENSION = app;
			};
			name = Release;
		};
/* End XCBuildConfiguration section */

/* Begin XCConfigurationList section */
		59FAC26115910052007B0F87 /* Build configuration list for PBXProject "DeezerPlayer" */ = {
			isa = XCConfigurationList;
			buildConfigurations = (
				59FAC28315910053007B0F87 /* Debug */,
				59FAC28415910053007B0F87 /* Release */,
			);
			defaultConfigurationIsVisible = 0;
			defaultConfigurationName = Release;
		};
		59FAC28515910053007B0F87 /* Build configuration list for PBXNativeTarget "DeezerPlayer" */ = {
			isa = XCConfigurationList;
			buildConfigurations = (
				59FAC28615910053007B0F87 /* Debug */,
				59FAC28715910053007B0F87 /* Release */,
			);
			defaultConfigurationIsVisible = 0;
			defaultConfigurationName = Release;
		};
/* End XCConfigurationList section */
	};
	rootObject = 59FAC25E15910052007B0F87 /* Project object */;
}
