// !$*UTF8*$!
{
	archiveVersion = 1;
	classes = {
	};
	objectVersion = 46;
	objects = {

/* Begin PBXAggregateTarget section */
		59AF23691591C57800FD9E05 /* Distribution */ = {
			isa = PBXAggregateTarget;
			buildConfigurationList = 59AF236A1591C57800FD9E05 /* Build configuration list for PBXAggregateTarget "Distribution" */;
			buildPhases = (
				59AF23701591C59C00FD9E05 /* ShellScript */,
			);
			dependencies = (
				59AF236F1591C59400FD9E05 /* PBXTargetDependency */,
			);
			name = Distribution;
			productName = Distribution;
		};
/* End PBXAggregateTarget section */

/* Begin PBXBuildFile section */
		2F7609BC1819CD6B00C71187 /* MenuController.m in Sources */ = {isa = PBXBuildFile; fileRef = 2F7609BB1819CD6B00C71187 /* MenuController.m */; };
		5946149215952E7F00749A65 /* custom.js in Resources */ = {isa = PBXBuildFile; fileRef = 59AB0A0B159146600010365B /* custom.js */; };
		59AB09E1159103920010365B /* MediaKeyApp.m in Sources */ = {isa = PBXBuildFile; fileRef = 59FAC291159100D2007B0F87 /* MediaKeyApp.m */; };
		59AB09E2159103AD0010365B /* NSObject+SPInvocationGrabbing.m in Sources */ = {isa = PBXBuildFile; fileRef = 59CB4DF115910259009B3C40 /* NSObject+SPInvocationGrabbing.m */; settings = {COMPILER_FLAGS = "-fno-objc-arc"; }; };
		59AB09E3159103AD0010365B /* SPMediaKeyTap.m in Sources */ = {isa = PBXBuildFile; fileRef = 59CB4DF315910259009B3C40 /* SPMediaKeyTap.m */; settings = {COMPILER_FLAGS = "-fno-objc-arc"; }; };
		59AB09E4159103DA0010365B /* AppDelegate.m in Sources */ = {isa = PBXBuildFile; fileRef = 59FAC28D159100D2007B0F87 /* AppDelegate.m */; };
		59AB09E5159103E70010365B /* MainWindowController.m in Sources */ = {isa = PBXBuildFile; fileRef = 59FAC28F159100D2007B0F87 /* MainWindowController.m */; };
		59AB09EF15910EC00010365B /* deezer-logo.png in Resources */ = {isa = PBXBuildFile; fileRef = 59AB09EE15910EC00010365B /* deezer-logo.png */; };
		59AB09F3159111D40010365B /* Quartz.framework in Frameworks */ = {isa = PBXBuildFile; fileRef = 59AB09F1159111D40010365B /* Quartz.framework */; };
		59AB09F4159111D40010365B /* QuartzCore.framework in Frameworks */ = {isa = PBXBuildFile; fileRef = 59AB09F2159111D40010365B /* QuartzCore.framework */; };
		59AB0A07159142250010365B /* CHANGELOG.md in Resources */ = {isa = PBXBuildFile; fileRef = 59AB0A06159142250010365B /* CHANGELOG.md */; };
		59AB0A0A1591443E0010365B /* custom.css in Resources */ = {isa = PBXBuildFile; fileRef = 59AB0A091591443E0010365B /* custom.css */; };
		59AF23721591CCAB00FD9E05 /* Sparkle.framework in Frameworks */ = {isa = PBXBuildFile; fileRef = 59AF23711591CCAB00FD9E05 /* Sparkle.framework */; };
		59AF23741591CD6800FD9E05 /* Sparkle.framework in CopyFiles */ = {isa = PBXBuildFile; fileRef = 59AF23711591CCAB00FD9E05 /* Sparkle.framework */; settings = {ATTRIBUTES = (CodeSignOnCopy, ); }; };
		59AF23761591CDBA00FD9E05 /* dsa_pub.pem in Resources */ = {isa = PBXBuildFile; fileRef = 59AF23751591CDBA00FD9E05 /* dsa_pub.pem */; };
		59FAC26C15910053007B0F87 /* Cocoa.framework in Frameworks */ = {isa = PBXBuildFile; fileRef = 59FAC26B15910053007B0F87 /* Cocoa.framework */; };
		59FAC27615910053007B0F87 /* InfoPlist.strings in Resources */ = {isa = PBXBuildFile; fileRef = 59FAC27415910053007B0F87 /* InfoPlist.strings */; };
		59FAC27815910053007B0F87 /* main.m in Sources */ = {isa = PBXBuildFile; fileRef = 59FAC27715910053007B0F87 /* main.m */; };
		59FAC28B1591009B007B0F87 /* icon.icns in Resources */ = {isa = PBXBuildFile; fileRef = 59FAC28A1591009B007B0F87 /* icon.icns */; };
		59FAC294159100F2007B0F87 /* MainMenu.xib in Resources */ = {isa = PBXBuildFile; fileRef = 59FAC293159100F2007B0F87 /* MainMenu.xib */; };
		59FAC29A15910132007B0F87 /* WebKit.framework in Frameworks */ = {isa = PBXBuildFile; fileRef = 59FAC29915910132007B0F87 /* WebKit.framework */; };
		59FAC29C15910138007B0F87 /* Carbon.framework in Frameworks */ = {isa = PBXBuildFile; fileRef = 59FAC29B15910138007B0F87 /* Carbon.framework */; };
/* End PBXBuildFile section */

/* Begin PBXContainerItemProxy section */
		59AF236E1591C59400FD9E05 /* PBXContainerItemProxy */ = {
			isa = PBXContainerItemProxy;
			containerPortal = 59FAC25E15910052007B0F87 /* Project object */;
			proxyType = 1;
			remoteGlobalIDString = 59FAC26615910053007B0F87;
			remoteInfo = DeezPlayer;
		};
/* End PBXContainerItemProxy section */

/* Begin PBXCopyFilesBuildPhase section */
		59AF23731591CD5F00FD9E05 /* CopyFiles */ = {
			isa = PBXCopyFilesBuildPhase;
			buildActionMask = 2147483647;
			dstPath = "";
			dstSubfolderSpec = 10;
			files = (
				59AF23741591CD6800FD9E05 /* Sparkle.framework in CopyFiles */,
			);
			runOnlyForDeploymentPostprocessing = 0;
		};
/* End PBXCopyFilesBuildPhase section */

/* Begin PBXFileReference section */
		2F7609BA1819CD6B00C71187 /* MenuController.h */ = {isa = PBXFileReference; fileEncoding = 4; lastKnownFileType = sourcecode.c.h; path = MenuController.h; sourceTree = "<group>"; };
		2F7609BB1819CD6B00C71187 /* MenuController.m */ = {isa = PBXFileReference; fileEncoding = 4; lastKnownFileType = sourcecode.c.objc; path = MenuController.m; sourceTree = "<group>"; };
		59AB09EE15910EC00010365B /* deezer-logo.png */ = {isa = PBXFileReference; lastKnownFileType = image.png; path = "deezer-logo.png"; sourceTree = "<group>"; };
		59AB09F1159111D40010365B /* Quartz.framework */ = {isa = PBXFileReference; lastKnownFileType = wrapper.framework; name = Quartz.framework; path = System/Library/Frameworks/Quartz.framework; sourceTree = SDKROOT; };
		59AB09F2159111D40010365B /* QuartzCore.framework */ = {isa = PBXFileReference; lastKnownFileType = wrapper.framework; name = QuartzCore.framework; path = System/Library/Frameworks/QuartzCore.framework; sourceTree = SDKROOT; };
		59AB0A06159142250010365B /* CHANGELOG.md */ = {isa = PBXFileReference; fileEncoding = 4; lastKnownFileType = text; path = CHANGELOG.md; sourceTree = "<group>"; };
		59AB0A091591443E0010365B /* custom.css */ = {isa = PBXFileReference; fileEncoding = 4; lastKnownFileType = text.css; path = custom.css; sourceTree = "<group>"; };
		59AB0A0B159146600010365B /* custom.js */ = {isa = PBXFileReference; fileEncoding = 4; lastKnownFileType = sourcecode.javascript; path = custom.js; sourceTree = "<group>"; };
		59AF23711591CCAB00FD9E05 /* Sparkle.framework */ = {isa = PBXFileReference; lastKnownFileType = wrapper.framework; path = Sparkle.framework; sourceTree = "<group>"; };
		59AF23751591CDBA00FD9E05 /* dsa_pub.pem */ = {isa = PBXFileReference; fileEncoding = 4; lastKnownFileType = text; path = dsa_pub.pem; sourceTree = "<group>"; };
		59CB4DF015910259009B3C40 /* NSObject+SPInvocationGrabbing.h */ = {isa = PBXFileReference; lastKnownFileType = sourcecode.c.h; path = "NSObject+SPInvocationGrabbing.h"; sourceTree = "<group>"; };
		59CB4DF115910259009B3C40 /* NSObject+SPInvocationGrabbing.m */ = {isa = PBXFileReference; lastKnownFileType = sourcecode.c.objc; path = "NSObject+SPInvocationGrabbing.m"; sourceTree = "<group>"; };
		59CB4DF215910259009B3C40 /* SPMediaKeyTap.h */ = {isa = PBXFileReference; lastKnownFileType = sourcecode.c.h; path = SPMediaKeyTap.h; sourceTree = "<group>"; };
		59CB4DF315910259009B3C40 /* SPMediaKeyTap.m */ = {isa = PBXFileReference; lastKnownFileType = sourcecode.c.objc; path = SPMediaKeyTap.m; sourceTree = "<group>"; };
		59FAC26715910053007B0F87 /* DeezPlayer.app */ = {isa = PBXFileReference; explicitFileType = wrapper.application; includeInIndex = 0; path = DeezPlayer.app; sourceTree = BUILT_PRODUCTS_DIR; };
		59FAC26B15910053007B0F87 /* Cocoa.framework */ = {isa = PBXFileReference; lastKnownFileType = wrapper.framework; name = Cocoa.framework; path = System/Library/Frameworks/Cocoa.framework; sourceTree = SDKROOT; };
		59FAC26E15910053007B0F87 /* AppKit.framework */ = {isa = PBXFileReference; lastKnownFileType = wrapper.framework; name = AppKit.framework; path = System/Library/Frameworks/AppKit.framework; sourceTree = SDKROOT; };
		59FAC26F15910053007B0F87 /* CoreData.framework */ = {isa = PBXFileReference; lastKnownFileType = wrapper.framework; name = CoreData.framework; path = System/Library/Frameworks/CoreData.framework; sourceTree = SDKROOT; };
		59FAC27015910053007B0F87 /* Foundation.framework */ = {isa = PBXFileReference; lastKnownFileType = wrapper.framework; name = Foundation.framework; path = System/Library/Frameworks/Foundation.framework; sourceTree = SDKROOT; };
		59FAC27315910053007B0F87 /* DeezPlayer-Info.plist */ = {isa = PBXFileReference; lastKnownFileType = text.plist.xml; path = "DeezPlayer-Info.plist"; sourceTree = "<group>"; };
		59FAC27515910053007B0F87 /* en */ = {isa = PBXFileReference; lastKnownFileType = text.plist.strings; name = en; path = en.lproj/InfoPlist.strings; sourceTree = "<group>"; };
		59FAC27715910053007B0F87 /* main.m */ = {isa = PBXFileReference; lastKnownFileType = sourcecode.c.objc; path = main.m; sourceTree = "<group>"; };
		59FAC27915910053007B0F87 /* DeezPlayer-Prefix.pch */ = {isa = PBXFileReference; lastKnownFileType = sourcecode.c.h; path = "DeezPlayer-Prefix.pch"; sourceTree = "<group>"; };
		59FAC28A1591009B007B0F87 /* icon.icns */ = {isa = PBXFileReference; lastKnownFileType = image.icns; name = icon.icns; path = ../icon.icns; sourceTree = "<group>"; };
		59FAC28C159100D1007B0F87 /* AppDelegate.h */ = {isa = PBXFileReference; lastKnownFileType = sourcecode.c.h; path = AppDelegate.h; sourceTree = "<group>"; };
		59FAC28D159100D2007B0F87 /* AppDelegate.m */ = {isa = PBXFileReference; lastKnownFileType = sourcecode.c.objc; path = AppDelegate.m; sourceTree = "<group>"; };
		59FAC28E159100D2007B0F87 /* MainWindowController.h */ = {isa = PBXFileReference; lastKnownFileType = sourcecode.c.h; path = MainWindowController.h; sourceTree = "<group>"; };
		59FAC28F159100D2007B0F87 /* MainWindowController.m */ = {isa = PBXFileReference; lastKnownFileType = sourcecode.c.objc; path = MainWindowController.m; sourceTree = "<group>"; };
		59FAC290159100D2007B0F87 /* MediaKeyApp.h */ = {isa = PBXFileReference; lastKnownFileType = sourcecode.c.h; path = MediaKeyApp.h; sourceTree = "<group>"; };
		59FAC291159100D2007B0F87 /* MediaKeyApp.m */ = {isa = PBXFileReference; lastKnownFileType = sourcecode.c.objc; path = MediaKeyApp.m; sourceTree = "<group>"; };
		59FAC293159100F2007B0F87 /* MainMenu.xib */ = {isa = PBXFileReference; fileEncoding = 4; lastKnownFileType = file.xib; path = MainMenu.xib; sourceTree = "<group>"; };
		59FAC29915910132007B0F87 /* WebKit.framework */ = {isa = PBXFileReference; lastKnownFileType = wrapper.framework; name = WebKit.framework; path = System/Library/Frameworks/WebKit.framework; sourceTree = SDKROOT; };
		59FAC29B15910138007B0F87 /* Carbon.framework */ = {isa = PBXFileReference; lastKnownFileType = wrapper.framework; name = Carbon.framework; path = System/Library/Frameworks/Carbon.framework; sourceTree = SDKROOT; };
/* End PBXFileReference section */

/* Begin PBXFrameworksBuildPhase section */
		59FAC26415910053007B0F87 /* Frameworks */ = {
			isa = PBXFrameworksBuildPhase;
			buildActionMask = 2147483647;
			files = (
				59FAC29C15910138007B0F87 /* Carbon.framework in Frameworks */,
				59FAC26C15910053007B0F87 /* Cocoa.framework in Frameworks */,
				59AB09F3159111D40010365B /* Quartz.framework in Frameworks */,
				59AB09F4159111D40010365B /* QuartzCore.framework in Frameworks */,
				59AF23721591CCAB00FD9E05 /* Sparkle.framework in Frameworks */,
				59FAC29A15910132007B0F87 /* WebKit.framework in Frameworks */,
			);
			runOnlyForDeploymentPostprocessing = 0;
		};
/* End PBXFrameworksBuildPhase section */

/* Begin PBXGroup section */
		59CB4DEF15910259009B3C40 /* SPInvocationGrabbing */ = {
			isa = PBXGroup;
			children = (
				59CB4DF015910259009B3C40 /* NSObject+SPInvocationGrabbing.h */,
				59CB4DF115910259009B3C40 /* NSObject+SPInvocationGrabbing.m */,
			);
			path = SPInvocationGrabbing;
			sourceTree = "<group>";
		};
		59FAC25C15910052007B0F87 = {
			isa = PBXGroup;
			children = (
				59FAC27115910053007B0F87 /* DeezPlayer */,
				59FAC26A15910053007B0F87 /* Frameworks */,
				59FAC26815910053007B0F87 /* Products */,
			);
			sourceTree = "<group>";
		};
		59FAC26815910053007B0F87 /* Products */ = {
			isa = PBXGroup;
			children = (
				59FAC26715910053007B0F87 /* DeezPlayer.app */,
			);
			name = Products;
			sourceTree = "<group>";
		};
		59FAC26A15910053007B0F87 /* Frameworks */ = {
			isa = PBXGroup;
			children = (
				59FAC29B15910138007B0F87 /* Carbon.framework */,
				59FAC26B15910053007B0F87 /* Cocoa.framework */,
				59AB09F1159111D40010365B /* Quartz.framework */,
				59AB09F2159111D40010365B /* QuartzCore.framework */,
				59AF23711591CCAB00FD9E05 /* Sparkle.framework */,
				59FAC29915910132007B0F87 /* WebKit.framework */,
				59FAC26D15910053007B0F87 /* Other Frameworks */,
			);
			name = Frameworks;
			sourceTree = "<group>";
		};
		59FAC26D15910053007B0F87 /* Other Frameworks */ = {
			isa = PBXGroup;
			children = (
				59FAC26E15910053007B0F87 /* AppKit.framework */,
				59FAC26F15910053007B0F87 /* CoreData.framework */,
				59FAC27015910053007B0F87 /* Foundation.framework */,
			);
			name = "Other Frameworks";
			sourceTree = "<group>";
		};
		59FAC27115910053007B0F87 /* DeezPlayer */ = {
			isa = PBXGroup;
			children = (
				59FAC2981591011B007B0F87 /* Application */,
				59FAC29715910111007B0F87 /* Controller */,
				59FAC29615910107007B0F87 /* Delegate */,
				59FAC27215910053007B0F87 /* Supporting Files */,
				59FAC295159100FD007B0F87 /* View */,
			);
			path = DeezPlayer;
			sourceTree = "<group>";
		};
		59FAC27215910053007B0F87 /* Supporting Files */ = {
			isa = PBXGroup;
			children = (
				59AF23751591CDBA00FD9E05 /* dsa_pub.pem */,
				59AB09EE15910EC00010365B /* deezer-logo.png */,
				59FAC292159100E6007B0F87 /* SPMediaKeyTap */,
				59FAC28A1591009B007B0F87 /* icon.icns */,
				59FAC27315910053007B0F87 /* DeezPlayer-Info.plist */,
				59FAC27415910053007B0F87 /* InfoPlist.strings */,
				59FAC27715910053007B0F87 /* main.m */,
				59FAC27915910053007B0F87 /* DeezPlayer-Prefix.pch */,
				59AB0A06159142250010365B /* CHANGELOG.md */,
			);
			name = "Supporting Files";
			sourceTree = "<group>";
		};
		59FAC292159100E6007B0F87 /* SPMediaKeyTap */ = {
			isa = PBXGroup;
			children = (
				59CB4DEF15910259009B3C40 /* SPInvocationGrabbing */,
				59CB4DF215910259009B3C40 /* SPMediaKeyTap.h */,
				59CB4DF315910259009B3C40 /* SPMediaKeyTap.m */,
			);
			path = SPMediaKeyTap;
			sourceTree = "<group>";
		};
		59FAC295159100FD007B0F87 /* View */ = {
			isa = PBXGroup;
			children = (
				59FAC293159100F2007B0F87 /* MainMenu.xib */,
				59AB0A091591443E0010365B /* custom.css */,
				59AB0A0B159146600010365B /* custom.js */,
			);
			name = View;
			sourceTree = "<group>";
		};
		59FAC29615910107007B0F87 /* Delegate */ = {
			isa = PBXGroup;
			children = (
				59FAC28C159100D1007B0F87 /* AppDelegate.h */,
				59FAC28D159100D2007B0F87 /* AppDelegate.m */,
			);
			name = Delegate;
			sourceTree = "<group>";
		};
		59FAC29715910111007B0F87 /* Controller */ = {
			isa = PBXGroup;
			children = (
				59FAC28E159100D2007B0F87 /* MainWindowController.h */,
				59FAC28F159100D2007B0F87 /* MainWindowController.m */,
				2F7609BA1819CD6B00C71187 /* MenuController.h */,
				2F7609BB1819CD6B00C71187 /* MenuController.m */,
			);
			name = Controller;
			sourceTree = "<group>";
		};
		59FAC2981591011B007B0F87 /* Application */ = {
			isa = PBXGroup;
			children = (
				59FAC290159100D2007B0F87 /* MediaKeyApp.h */,
				59FAC291159100D2007B0F87 /* MediaKeyApp.m */,
			);
			name = Application;
			sourceTree = "<group>";
		};
/* End PBXGroup section */

/* Begin PBXNativeTarget section */
		59FAC26615910053007B0F87 /* DeezPlayer */ = {
			isa = PBXNativeTarget;
			buildConfigurationList = 59FAC28515910053007B0F87 /* Build configuration list for PBXNativeTarget "DeezPlayer" */;
			buildPhases = (
				59FAC26315910053007B0F87 /* Sources */,
				59FAC26415910053007B0F87 /* Frameworks */,
				59FAC26515910053007B0F87 /* Resources */,
				59AF23731591CD5F00FD9E05 /* CopyFiles */,
			);
			buildRules = (
			);
			dependencies = (
			);
			name = DeezPlayer;
			productName = DeezPlayer;
			productReference = 59FAC26715910053007B0F87 /* DeezPlayer.app */;
			productType = "com.apple.product-type.application";
		};
/* End PBXNativeTarget section */

/* Begin PBXProject section */
		59FAC25E15910052007B0F87 /* Project object */ = {
			isa = PBXProject;
			attributes = {
				LastUpgradeCheck = 0600;
				ORGANIZATIONNAME = Imanel;
			};
			buildConfigurationList = 59FAC26115910052007B0F87 /* Build configuration list for PBXProject "DeezPlayer" */;
			compatibilityVersion = "Xcode 3.2";
			developmentRegion = English;
			hasScannedForEncodings = 0;
			knownRegions = (
				en,
			);
			mainGroup = 59FAC25C15910052007B0F87;
			productRefGroup = 59FAC26815910053007B0F87 /* Products */;
			projectDirPath = "";
			projectRoot = "";
			targets = (
				59FAC26615910053007B0F87 /* DeezPlayer */,
				59AF23691591C57800FD9E05 /* Distribution */,
			);
		};
/* End PBXProject section */

/* Begin PBXResourcesBuildPhase section */
		59FAC26515910053007B0F87 /* Resources */ = {
			isa = PBXResourcesBuildPhase;
			buildActionMask = 2147483647;
			files = (
				59FAC27615910053007B0F87 /* InfoPlist.strings in Resources */,
				59FAC28B1591009B007B0F87 /* icon.icns in Resources */,
				59FAC294159100F2007B0F87 /* MainMenu.xib in Resources */,
				59AB09EF15910EC00010365B /* deezer-logo.png in Resources */,
				59AB0A07159142250010365B /* CHANGELOG.md in Resources */,
				59AB0A0A1591443E0010365B /* custom.css in Resources */,
				5946149215952E7F00749A65 /* custom.js in Resources */,
				59AF23761591CDBA00FD9E05 /* dsa_pub.pem in Resources */,
			);
			runOnlyForDeploymentPostprocessing = 0;
		};
/* End PBXResourcesBuildPhase section */

/* Begin PBXShellScriptBuildPhase section */
		59AF23701591C59C00FD9E05 /* ShellScript */ = {
			isa = PBXShellScriptBuildPhase;
			buildActionMask = 2147483647;
			files = (
			);
			inputPaths = (
			);
			outputPaths = (
			);
			runOnlyForDeploymentPostprocessing = 0;
			shellPath = /usr/bin/ruby;
			shellScript = "#!/usr/bin/env ruby -w\n#\n#################################################################################\n#                                                                               #\n#     appcast_automation.rb                                                     #\n#                                                                               #\n#     author:   Craig Williams                                                  #\n#     created:  2009-01-09                                                      #\n#                                                                               #\n#################################################################################\n#                                                                               #\n#     This program is free software: you can redistribute it and/or modify      #\n#     it under the terms of the GNU General Public License as published by      #\n#     the Free Software Foundation, either version 3 of the License, or         #\n#     (at your option) any later version.                                       #\n#                                                                               #\n#     This program is distributed in the hope that it will be useful,           #\n#     but WITHOUT ANY WARRANTY; without even the implied warranty of            #\n#     MERCHANTABILITY or FITNESS FOR A PARTICULAR PURPOSE.  See the             #\n#     GNU General Public License for more details.                              #\n#                                                                               #\n#     You should have received a copy of the GNU General Public License         #\n#     along with this program.  If not, see <http://www.gnu.org/licenses/>.     #\n#                                                                               #\n#################################################################################\n\nclass AppCast\nrequire 'rubygems'\nrequire 'yaml'\nrequire 'tmpdir'\nrequire 'fileutils'\nrequire 'openssl'\nrequire 'nokogiri'\nrequire 'base64'\n\nMESSAGE_HEADER   = 'RUN SCRIPT DURING BUILD MESSAGE'\nYAML_FOLDER_PATH = \"#{ENV['HOME']}/Sites/moje/osx/DeezPlayer-website/dist/\"\n\ndef initialize\n@signature = ''\nrequire_release_build\nproject_setup\nload_config\n\n# the build_now setting in the config.yml file\n# determines whether you want to perform this script\n# set to 'NO' until you are ready to publish\nexit_unless_build\nbase_folder\nappcast_setup\nend\n\ndef execute!\ncreate_appcast_folder_and_files\nremove_old_zip_create_new_zip\nfile_stats\ncreate_key\ncreate_appcast_xml\ncopy_archive_to_appcast_path\nend\n\n# Only works for Release builds\n# Exits upon failure\ndef require_release_build\nif ENV[\"BUILD_STYLE\"] == 'Debug'\nlog_message(\"Distribution target requires 'Release' build style\")\nexit\nend\nend\n\n# Exits if no config.yml file found.\ndef load_config\nconfig_file_path = \"#{YAML_FOLDER_PATH}/config.yml\"\nunless File.exists?(config_file_path)\nlog_message(\"No 'config.yml' file found in project directory.\")\nexit\nend\n@config = YAML.load_file(config_file_path)\nend\n\ndef exit_unless_build \nunless @config['build_now'] == 'YES'\nlog_message(\"The 'build_now' setting in 'config.yml' set to 'NO'\\nIf you are wanting to include this script in\\nthe build process change this setting to 'YES'\")\nexit\nend\nend\n\ndef project_setup\n@proj_dir         = ENV['BUILT_PRODUCTS_DIR']\n@proj_name        = ENV['PROJECT_NAME']\n@version          = `defaults read \"#{@proj_dir}/#{@proj_name}.app/Contents/Info\" CFBundleShortVersionString`\n@build_number     = `defaults read \"#{@proj_dir}/#{@proj_name}.app/Contents/Info\" CFBundleVersion`\n@archive_filename = \"#{@proj_name}-#{@version.chomp}.zip\"\n@archive_path     = \"#{@proj_dir}/#{@archive_filename}\"\nend\n\ndef appcast_setup\n@appcast_xml_name      = @config['appcast_xml_name'].chomp\n@appcast_proj_folder   = \"#{@config['appcast_basefolder']}\".chomp\n@appcast_xml_path      = \"#{@appcast_proj_folder}/#{@appcast_xml_name}\"\n@download_base_url     = @config['download_base_url']\n@keychain_privkey_name = @config['keychain_privkey_name']\n@css_file_name         = @config['css_file_name']\n@releasenotes_url      = \"#{@download_base_url}release-notes.html\"\n@download_url          = \"#{@download_base_url}#{@archive_filename}\"\n@appcast_download_url  = \"#{@download_base_url}#{@appcast_xml_name}\"\nend\n\ndef base_folder\n@appcast_basefolder = @config['appcast_basefolder'].chomp\nFile.expand_path(@appcast_basefolder) if @appcast_basefolder.start_with?(\"~\")\nend\n\ndef remove_old_zip_create_new_zip\nDir.chdir(@proj_dir)\n`rm -f #{@proj_name}*.zip`\n`ditto -c -k --keepParent -rsrc \"#{@proj_name}.app\" \"#{@archive_filename}\"`\nend\n\ndef copy_archive_to_appcast_path\nbegin\nFileUtils.cp(@archive_path, @appcast_proj_folder)\nrescue\nlog_message(\"There was an error copying the zip file to appcast folder\\nError: #{$!}\")\nend\nend\n\ndef file_stats\n@size     = File.size(@archive_filename)\n@pubdate  = `date +\"%a, %d %b %G %T %z\"`\nend\n\ndef get_key\nkey_xml = `security find-generic-password -g -s \"#{@keychain_privkey_name}\" 2>&1 1>/dev/null`\nxml = key_xml.gsub(/\\\\012/, \"\\n\")\nxml = \"<?xml version=\".concat(xml.split(\"<?xml version=\")[1])\ndoc = Nokogiri::XML(xml)\ndoc.xpath(\"//key\").xpath(\"//string\").text\nend\n\ndef create_key\nkey = get_key\n\nif key.empty?\nlog_message(\"Unable to load signing private key with name '#{@keychain_privkey_name}' from keychain\\nFor file #{@archive_filename}\")\nexit\nend\n\nhashed     = OpenSSL::Digest::SHA1.digest(File.read(\"#{@archive_path}\"))\ndsa        = OpenSSL::PKey::DSA.new(key)\ndss1       = OpenSSL::Digest::DSS1.new\nsign       = dsa.sign(dss1, hashed)\n@signature = Base64.encode64(sign)\n@signature = @signature.gsub(\"\\n\", '')\n\nif @signature.empty?\nlog_message(\"Unable to sign file #{@archive_filename}\")\nexit\nelse\nlog_message(\"New signature is \\n#{@signature}\")\nend\nend\n\ndef create_appcast_xml\nappcast_xml =\n\"<?xml version=\\\"1.0\\\" encoding=\\\"utf-8\\\"?>\n<rss version=\\\"2.0\\\" xmlns:sparkle=\\\"http://www.andymatuschak.org/xml-namespaces/sparkle\\\"  xmlns:dc=\\\"http://purl.org/dc/elements/1.1/\\\">\n<channel>\n<title>#{@proj_name}</title>\n<link>#{@appcast_download_url}</link>\n<description>Most recent changes with links to updates.</description>\n<language>en</language>\n<item>\n<title>Version #{@version.chomp}</title>\n<sparkle:releaseNotesLink>\n#{@releasenotes_url}\n</sparkle:releaseNotesLink>\n<pubDate>#{@pubdate.chomp}</pubDate>\n<enclosure url=\\\"#{@download_url.chomp}\\\"\nlength=\\\"#{@size}\\\"\ntype=\\\"application/octet-stream\\\"\nsparkle:version=\\\"#{@build_number.chomp}\\\"\nsparkle:shortVersionString=\\\"#{@version.chomp}\\\"\nsparkle:dsaSignature=\\\"#{@signature.chomp}\\\"/>\n</item>\n</channel>\n</rss>\"\n\nFile.open(@appcast_xml_path, 'w') { |f| f.puts appcast_xml }\nend\n\n# Creates the appcast folder if it does not exist\n# or is accidently moved or deleted\n# Creates an html file with generic note template if it does not exist\n# This way the notes file is named correctly as well\n# Creates a css file named from yml file with default css\ndef create_appcast_folder_and_files\nbase_folder = @appcast_basefolder\nproject_folder = @appcast_proj_folder\n\nnotes_file = \"#{project_folder}/#{File.basename(@releasenotes_url.chomp)}\"\ncss_file_path = \"#{project_folder}/#{@css_file_name}\"\n\nDir.mkdir(base_folder)    unless File.exists?(base_folder)\nDir.mkdir(project_folder) unless File.exists?(project_folder)\n\n# File.open(notes_file, 'w') { |f| f.puts release_notes_generic_text } unless File.exists?(notes_file)\n# File.open(css_file_path, 'w') { |f| f.puts decompressed_css } unless File.exists?(css_file_path)\nend\n\ndef log_message(msg)\nputs \"\\n\\n----------------------------------------------\"\nputs MESSAGE_HEADER\nputs msg\nputs \"----------------------------------------------\\n\\n\"\nend\n\ndef decompressed_css\nreturn css_text.gsub(/\\{\\s+/, \"{\\n\\t\").gsub(/;/, \";\\n\\t\").gsub(/^\\s+\\}/, \"}\").gsub(/^\\s+/, \"\\t\")\nend\n\ndef release_notes_generic_text\nreturn \"\n<html>\n<head>\n<meta http-equiv=\\\"content-type\\\" content=\\\"text/html;charset=utf-8\\\">\n<title>What's new in #{@proj_name}?</title>\n<meta name=\\\"robots\\\" content=\\\"anchors\\\">\n<link href=\\\"#{@css_file_name}\\\" type=\\\"text/css\\\" rel=\\\"stylesheet\\\" media=\\\"all\\\">\n</head>\n\n<body>\n<br />\n<table class=\\\"dots\\\" width=\\\"100%\\\" border=\\\"0\\\" cellspacing=\\\"0\\\" cellpadding=\\\"0\\\" summary=\\\"Two column table with heading\\\">\n<tr>\n<td class=\\\"blue\\\" colspan=\\\"2\\\">\n<h3>#{@proj_name} #{@version.chomp} Release Notes</h3>\n</td>\n</tr>\n<tr>\n<td valign=\\\"top\\\">\n<p>\n<ul>\n<li>DESCRIPTION</li>\n</ul>\n</p>\n</td>\n</tr>\n</table>\n<br>\n</body>\n\n</html>\"\nend\n\n# This css will be expanded to a normal, easily editable form when written to file\ndef css_text\nreturn \"\nbody { margin: 2px 12px 12px; }\nh1 h2 h3 p ol ul a a:hover { font-family: \\\"Lucida Grande\\\", Arial, sans-serif; }\n    h1 { font-size: 11pt; margin-bottom: 0; }\n    h2 { font-size: 9pt; margin-top: 0; margin-bottom: -10px; }\n    h3 { font-size: 9pt; font-weight: bold; margin-top: -4px; margin-bottom: -4px; }\n    p { font-size: 9pt; line-height: 12pt; text-decoration: none; }\n    ol { font-size: 9pt; line-height: 12pt; list-style-position: outside; margin-top: 12px; margin-bottom: 12px; margin-left: -18px; padding-left: 40px; }\n    ol li { margin-top: 6px; margin-bottom: 6px; }\n    ol p { margin-top: 6px; margin-bottom: 6px; }\n    ul { font-size: 9pt; line-height: 12pt; list-style-type: square; list-style-position: outside; margin-top: 12px; margin-bottom: 12px; margin-left: -24px; padding-left: 40px; }\n    ul li { margin-top: 6px; margin-bottom: 6px; }\n    ul p { margin-top: 6px; margin-bottom: 6px; }\n    a { color: #00f; font-size: 9pt; line-height: 12pt; text-decoration: none; }\n        a:hover { color: #00f; text-decoration: underline; }\n            hr { text-decoration: none; border: solid 1px #bfbfbf; }\n                td { padding: 6px; }\n                #banner { background-color: #f2f2f2; background-repeat: no-repeat; padding: -2px 6px 0; position: fixed; top: 0; left: 0; width: 100%; height: 1.2em; float: left; border: solid 1px #bfbfbf; }\n                #caticon { margin-top: 3px; margin-bottom: -3px; margin-right: 5px; float: left; }\n                #pagetitle { margin-top: 12px; margin-bottom: 0px; margin-left: 40px; width: 88%; border: solid 1px #fff; }\n                #mainbox { margin-top: 2349px; padding-right: 6px; }\n                #taskbox { background-color: #e6edff; list-style-type: decimal; list-style-position: outside; margin: 12px 0; padding: 2px 12px; border: solid 1px #bfbfbf; }\n                #taskbox h2 { margin-top: 8; margin-bottom: -4px; }\n                #machelp { position: absolute; top: 2px; left: 10px ; }\n                #index { background-color: #f2f2f2; padding-right: 25px; top: 2px; right: 12px; width: auto; float: right; }\n                #next { position: absolute; top: 49px; left: 88%; }\n                #asindent { margin-left: 22px; font-size: 9pt; font-family: Verdana, Courier, sans-serif; }\n                .bread { color: #00f; font-size: 8pt; margin: -9px 0 -6px; }\n                    .leftborder { color: #00f; font-size: 8pt; margin: -9px 0 -6px; padding-top: 2px; padding-bottom: 3px; padding-left: 8px; border-left: 1px solid #bfbfbf; }\n                        .mult { margin-top: -8px; }\n                        .blue { background-color: #e6edff; margin-top: -3px; margin-bottom: -3px; padding-top: -3px; padding-bottom: -3px; }\n                            .rightfloater { float: right; margin-left: 15px; }\n                            .rules { border-bottom: 1px dotted #ccc; }\n                                .dots { border: dotted 1px #ccc; }\n                                    .seealso { margin-top: 4px; margin-bottom: 4px; }\n                                    code { color: black; font-size: 9pt; font-family: Verdana, Courier, sans-serif; }\"\n                                    end\n                                    end\n                                    \n                                    if __FILE__ == $0\n                                    appcast = AppCast.new\n                                    appcast.execute!\n                                    appcast.log_message(\"It appears all went well with the build script!\")\n                                    end";
		};
/* End PBXShellScriptBuildPhase section */

/* Begin PBXSourcesBuildPhase section */
		59FAC26315910053007B0F87 /* Sources */ = {
			isa = PBXSourcesBuildPhase;
			buildActionMask = 2147483647;
			files = (
				2F7609BC1819CD6B00C71187 /* MenuController.m in Sources */,
				59FAC27815910053007B0F87 /* main.m in Sources */,
				59AB09E4159103DA0010365B /* AppDelegate.m in Sources */,
				59AB09E5159103E70010365B /* MainWindowController.m in Sources */,
				59AB09E1159103920010365B /* MediaKeyApp.m in Sources */,
				59AB09E2159103AD0010365B /* NSObject+SPInvocationGrabbing.m in Sources */,
				59AB09E3159103AD0010365B /* SPMediaKeyTap.m in Sources */,
			);
			runOnlyForDeploymentPostprocessing = 0;
		};
/* End PBXSourcesBuildPhase section */

/* Begin PBXTargetDependency section */
		59AF236F1591C59400FD9E05 /* PBXTargetDependency */ = {
			isa = PBXTargetDependency;
			target = 59FAC26615910053007B0F87 /* DeezPlayer */;
			targetProxy = 59AF236E1591C59400FD9E05 /* PBXContainerItemProxy */;
		};
/* End PBXTargetDependency section */

/* Begin PBXVariantGroup section */
		59FAC27415910053007B0F87 /* InfoPlist.strings */ = {
			isa = PBXVariantGroup;
			children = (
				59FAC27515910053007B0F87 /* en */,
			);
			name = InfoPlist.strings;
			sourceTree = "<group>";
		};
/* End PBXVariantGroup section */

/* Begin XCBuildConfiguration section */
		59AF236B1591C57800FD9E05 /* Debug */ = {
			isa = XCBuildConfiguration;
			buildSettings = {
				PRODUCT_NAME = "$(TARGET_NAME)";
			};
			name = Debug;
		};
		59AF236C1591C57800FD9E05 /* Release */ = {
			isa = XCBuildConfiguration;
			buildSettings = {
				PRODUCT_NAME = "$(TARGET_NAME)";
			};
			name = Release;
		};
		59FAC28315910053007B0F87 /* Debug */ = {
			isa = XCBuildConfiguration;
			buildSettings = {
				ALWAYS_SEARCH_USER_PATHS = NO;
				CLANG_ENABLE_OBJC_ARC = YES;
				CLANG_WARN_BOOL_CONVERSION = YES;
				CLANG_WARN_CONSTANT_CONVERSION = YES;
				CLANG_WARN_EMPTY_BODY = YES;
				CLANG_WARN_ENUM_CONVERSION = YES;
				CLANG_WARN_INT_CONVERSION = YES;
				CLANG_WARN_UNREACHABLE_CODE = YES;
				CLANG_WARN__DUPLICATE_METHOD_MATCH = YES;
				COPY_PHASE_STRIP = NO;
				ENABLE_STRICT_OBJC_MSGSEND = YES;
				GCC_C_LANGUAGE_STANDARD = gnu99;
				GCC_DYNAMIC_NO_PIC = NO;
				GCC_ENABLE_OBJC_EXCEPTIONS = YES;
				GCC_OPTIMIZATION_LEVEL = 0;
				GCC_PREPROCESSOR_DEFINITIONS = (
					"DEBUG=1",
					"$(inherited)",
				);
				GCC_SYMBOLS_PRIVATE_EXTERN = NO;
				GCC_VERSION = com.apple.compilers.llvm.clang.1_0;
				GCC_WARN_64_TO_32_BIT_CONVERSION = YES;
				GCC_WARN_ABOUT_RETURN_TYPE = YES;
				GCC_WARN_UNDECLARED_SELECTOR = YES;
				GCC_WARN_UNINITIALIZED_AUTOS = YES;
				GCC_WARN_UNUSED_FUNCTION = YES;
				GCC_WARN_UNUSED_VARIABLE = YES;
				MACOSX_DEPLOYMENT_TARGET = 10.7;
				ONLY_ACTIVE_ARCH = YES;
				SDKROOT = macosx;
			};
			name = Debug;
		};
		59FAC28415910053007B0F87 /* Release */ = {
			isa = XCBuildConfiguration;
			buildSettings = {
				ALWAYS_SEARCH_USER_PATHS = NO;
				CLANG_ENABLE_OBJC_ARC = YES;
				CLANG_WARN_BOOL_CONVERSION = YES;
				CLANG_WARN_CONSTANT_CONVERSION = YES;
				CLANG_WARN_EMPTY_BODY = YES;
				CLANG_WARN_ENUM_CONVERSION = YES;
				CLANG_WARN_INT_CONVERSION = YES;
				CLANG_WARN_UNREACHABLE_CODE = YES;
				CLANG_WARN__DUPLICATE_METHOD_MATCH = YES;
				COPY_PHASE_STRIP = YES;
				DEBUG_INFORMATION_FORMAT = "dwarf-with-dsym";
				ENABLE_STRICT_OBJC_MSGSEND = YES;
				GCC_C_LANGUAGE_STANDARD = gnu99;
				GCC_ENABLE_OBJC_EXCEPTIONS = YES;
				GCC_VERSION = com.apple.compilers.llvm.clang.1_0;
				GCC_WARN_64_TO_32_BIT_CONVERSION = YES;
				GCC_WARN_ABOUT_RETURN_TYPE = YES;
				GCC_WARN_UNDECLARED_SELECTOR = YES;
				GCC_WARN_UNINITIALIZED_AUTOS = YES;
				GCC_WARN_UNUSED_FUNCTION = YES;
				GCC_WARN_UNUSED_VARIABLE = YES;
				MACOSX_DEPLOYMENT_TARGET = 10.7;
				SDKROOT = macosx;
			};
			name = Release;
		};
		59FAC28615910053007B0F87 /* Debug */ = {
			isa = XCBuildConfiguration;
			buildSettings = {
				COMBINE_HIDPI_IMAGES = YES;
				FRAMEWORK_SEARCH_PATHS = (
					"$(inherited)",
					"\"$(SRCROOT)\"",
				);
				GCC_PRECOMPILE_PREFIX_HEADER = YES;
				GCC_PREFIX_HEADER = "DeezPlayer/DeezPlayer-Prefix.pch";
				INFOPLIST_FILE = "DeezPlayer/DeezPlayer-Info.plist";
				PRODUCT_NAME = DeezPlayer;
				WRAPPER_EXTENSION = app;
			};
			name = Debug;
		};
		59FAC28715910053007B0F87 /* Release */ = {
			isa = XCBuildConfiguration;
			buildSettings = {
				COMBINE_HIDPI_IMAGES = YES;
				FRAMEWORK_SEARCH_PATHS = (
					"$(inherited)",
					"\"$(SRCROOT)\"",
				);
				GCC_PRECOMPILE_PREFIX_HEADER = YES;
				GCC_PREFIX_HEADER = "DeezPlayer/DeezPlayer-Prefix.pch";
				INFOPLIST_FILE = "DeezPlayer/DeezPlayer-Info.plist";
				PRODUCT_NAME = DeezPlayer;
				WRAPPER_EXTENSION = app;
			};
			name = Release;
		};
/* End XCBuildConfiguration section */

/* Begin XCConfigurationList section */
		59AF236A1591C57800FD9E05 /* Build configuration list for PBXAggregateTarget "Distribution" */ = {
			isa = XCConfigurationList;
			buildConfigurations = (
				59AF236B1591C57800FD9E05 /* Debug */,
				59AF236C1591C57800FD9E05 /* Release */,
			);
			defaultConfigurationIsVisible = 0;
			defaultConfigurationName = Release;
		};
		59FAC26115910052007B0F87 /* Build configuration list for PBXProject "DeezPlayer" */ = {
			isa = XCConfigurationList;
			buildConfigurations = (
				59FAC28315910053007B0F87 /* Debug */,
				59FAC28415910053007B0F87 /* Release */,
			);
			defaultConfigurationIsVisible = 0;
			defaultConfigurationName = Release;
		};
		59FAC28515910053007B0F87 /* Build configuration list for PBXNativeTarget "DeezPlayer" */ = {
			isa = XCConfigurationList;
			buildConfigurations = (
				59FAC28615910053007B0F87 /* Debug */,
				59FAC28715910053007B0F87 /* Release */,
			);
			defaultConfigurationIsVisible = 0;
			defaultConfigurationName = Release;
		};
/* End XCConfigurationList section */
	};
	rootObject = 59FAC25E15910052007B0F87 /* Project object */;
}
